
Microsoft Visual Studio Solution File, Format Version 12.00
# Visual Studio Version 16
VisualStudioVersion = 16.0.30011.22
MinimumVisualStudioVersion = 10.0.40219.1
Project("{9A19103F-16F7-4668-BE54-9A1E7A4F7556}") = "Farmer.Data", "Farmer.Data\Farmer.Data\Farmer.Data.csproj", "{C71106F3-4995-42D2-843F-6BE2BB5214DC}"
EndProject
Project("{9A19103F-16F7-4668-BE54-9A1E7A4F7556}") = "Farmer.Repo", "Farmer.Repo\Farmer.Repo\Farmer.Repo.csproj", "{26417EBF-357D-47CC-B374-447E72A64CDF}"
EndProject
Project("{9A19103F-16F7-4668-BE54-9A1E7A4F7556}") = "Farmer.Service", "Farmer.Service\Farmer.Service\Farmer.Service.csproj", "{018B890E-76ED-4E88-977C-1AD9C0A0F3DF}"
EndProject
Project("{9A19103F-16F7-4668-BE54-9A1E7A4F7556}") = "Farmer.Web", "Farmer.Web\Farmer.Web.csproj", "{40060562-FF3D-4EB3-965F-5600DD203755}"
EndProject
Global
	GlobalSection(SolutionConfigurationPlatforms) = preSolution
		Debug|Any CPU = Debug|Any CPU
		Release|Any CPU = Release|Any CPU
	EndGlobalSection
	GlobalSection(ProjectConfigurationPlatforms) = postSolution
		{C71106F3-4995-42D2-843F-6BE2BB5214DC}.Debug|Any CPU.ActiveCfg = Debug|Any CPU
		{C71106F3-4995-42D2-843F-6BE2BB5214DC}.Debug|Any CPU.Build.0 = Debug|Any CPU
		{C71106F3-4995-42D2-843F-6BE2BB5214DC}.Release|Any CPU.ActiveCfg = Release|Any CPU
		{C71106F3-4995-42D2-843F-6BE2BB5214DC}.Release|Any CPU.Build.0 = Release|Any CPU
		{26417EBF-357D-47CC-B374-447E72A64CDF}.Debug|Any CPU.ActiveCfg = Debug|Any CPU
		{26417EBF-357D-47CC-B374-447E72A64CDF}.Debug|Any CPU.Build.0 = Debug|Any CPU
		{26417EBF-357D-47CC-B374-447E72A64CDF}.Release|Any CPU.ActiveCfg = Release|Any CPU
		{26417EBF-357D-47CC-B374-447E72A64CDF}.Release|Any CPU.Build.0 = Release|Any CPU
		{018B890E-76ED-4E88-977C-1AD9C0A0F3DF}.Debug|Any CPU.ActiveCfg = Debug|Any CPU
		{018B890E-76ED-4E88-977C-1AD9C0A0F3DF}.Debug|Any CPU.Build.0 = Debug|Any CPU
		{018B890E-76ED-4E88-977C-1AD9C0A0F3DF}.Release|Any CPU.ActiveCfg = Release|Any CPU
		{018B890E-76ED-4E88-977C-1AD9C0A0F3DF}.Release|Any CPU.Build.0 = Release|Any CPU
		{40060562-FF3D-4EB3-965F-5600DD203755}.Debug|Any CPU.ActiveCfg = Debug|Any CPU
		{40060562-FF3D-4EB3-965F-5600DD203755}.Debug|Any CPU.Build.0 = Debug|Any CPU
		{40060562-FF3D-4EB3-965F-5600DD203755}.Release|Any CPU.ActiveCfg = Release|Any CPU
		{40060562-FF3D-4EB3-965F-5600DD203755}.Release|Any CPU.Build.0 = Release|Any CPU
	EndGlobalSection
	GlobalSection(SolutionProperties) = preSolution
		HideSolutionNode = FALSE
	EndGlobalSection
	GlobalSection(ExtensibilityGlobals) = postSolution
		SolutionGuid = {79FA05F5-49B8-48C9-8601-8FA9C6C96EC4}
	EndGlobalSection
EndGlobal
