
Microsoft Visual Studio Solution File, Format Version 12.00
# Visual Studio Version 16
VisualStudioVersion = 16.0.30011.22
MinimumVisualStudioVersion = 10.0.40219.1
Project("{9A19103F-16F7-4668-BE54-9A1E7A4F7556}") = "Farmer.Repo", "Farmer.Repo\Farmer.Repo.csproj", "{D1CCA7FE-ADFB-450E-9A8C-229BC4EFF30A}"
EndProject
Global
	GlobalSection(SolutionConfigurationPlatforms) = preSolution
		Debug|Any CPU = Debug|Any CPU
		Release|Any CPU = Release|Any CPU
	EndGlobalSection
	GlobalSection(ProjectConfigurationPlatforms) = postSolution
		{D1CCA7FE-ADFB-450E-9A8C-229BC4EFF30A}.Debug|Any CPU.ActiveCfg = Debug|Any CPU
		{D1CCA7FE-ADFB-450E-9A8C-229BC4EFF30A}.Debug|Any CPU.Build.0 = Debug|Any CPU
		{D1CCA7FE-ADFB-450E-9A8C-229BC4EFF30A}.Release|Any CPU.ActiveCfg = Release|Any CPU
		{D1CCA7FE-ADFB-450E-9A8C-229BC4EFF30A}.Release|Any CPU.Build.0 = Release|Any CPU
	EndGlobalSection
	GlobalSection(SolutionProperties) = preSolution
		HideSolutionNode = FALSE
	EndGlobalSection
	GlobalSection(ExtensibilityGlobals) = postSolution
		SolutionGuid = {21D7A29B-D81A-400D-8CC3-B0205885DF05}
	EndGlobalSection
EndGlobal
